
Microsoft Visual Studio Solution File, Format Version 12.00
# Visual Studio 2013
VisualStudioVersion = 12.0.30723.0
MinimumVisualStudioVersion = 10.0.40219.1
Project("{FAE04EC0-301F-11D3-BF4B-00C04F79EFBC}") = "list", "list\list.csproj", "{87A21E7D-AE63-4BEB-9160-06EB8A03737D}"
EndProject
Project("{FAE04EC0-301F-11D3-BF4B-00C04F79EFBC}") = "装箱和拆箱", "装箱和拆箱\装箱和拆箱.csproj", "{1A4197A4-6E1C-4556-A549-D4D9E3627EFF}"
EndProject
Project("{FAE04EC0-301F-11D3-BF4B-00C04F79EFBC}") = "文件流", "文件流\文件流.csproj", "{84CA7E2E-759D-4897-841C-C17A2A60FFC9}"
EndProject
Project("{FAE04EC0-301F-11D3-BF4B-00C04F79EFBC}") = "抽象类", "抽象类\抽象类.csproj", "{EE0182AC-6384-49E1-8030-AA9EADC1B1B5}"
EndProject
Project("{FAE04EC0-301F-11D3-BF4B-00C04F79EFBC}") = "矩形面积", "矩形面积\矩形面积.csproj", "{634BA11E-E172-4471-9D5E-7DEB7CB7286E}"
EndProject
Project("{FAE04EC0-301F-11D3-BF4B-00C04F79EFBC}") = "abstract_class", "abstract_class\abstract_class.csproj", "{92B12759-95A1-461B-B56E-783885EB0DD2}"
EndProject
Global
	GlobalSection(SolutionConfigurationPlatforms) = preSolution
		Debug|Any CPU = Debug|Any CPU
		Release|Any CPU = Release|Any CPU
	EndGlobalSection
	GlobalSection(ProjectConfigurationPlatforms) = postSolution
		{87A21E7D-AE63-4BEB-9160-06EB8A03737D}.Debug|Any CPU.ActiveCfg = Debug|Any CPU
		{87A21E7D-AE63-4BEB-9160-06EB8A03737D}.Debug|Any CPU.Build.0 = Debug|Any CPU
		{87A21E7D-AE63-4BEB-9160-06EB8A03737D}.Release|Any CPU.ActiveCfg = Release|Any CPU
		{87A21E7D-AE63-4BEB-9160-06EB8A03737D}.Release|Any CPU.Build.0 = Release|Any CPU
		{1A4197A4-6E1C-4556-A549-D4D9E3627EFF}.Debug|Any CPU.ActiveCfg = Debug|Any CPU
		{1A4197A4-6E1C-4556-A549-D4D9E3627EFF}.Debug|Any CPU.Build.0 = Debug|Any CPU
		{1A4197A4-6E1C-4556-A549-D4D9E3627EFF}.Release|Any CPU.ActiveCfg = Release|Any CPU
		{1A4197A4-6E1C-4556-A549-D4D9E3627EFF}.Release|Any CPU.Build.0 = Release|Any CPU
		{84CA7E2E-759D-4897-841C-C17A2A60FFC9}.Debug|Any CPU.ActiveCfg = Debug|Any CPU
		{84CA7E2E-759D-4897-841C-C17A2A60FFC9}.Debug|Any CPU.Build.0 = Debug|Any CPU
		{84CA7E2E-759D-4897-841C-C17A2A60FFC9}.Release|Any CPU.ActiveCfg = Release|Any CPU
		{84CA7E2E-759D-4897-841C-C17A2A60FFC9}.Release|Any CPU.Build.0 = Release|Any CPU
		{EE0182AC-6384-49E1-8030-AA9EADC1B1B5}.Debug|Any CPU.ActiveCfg = Debug|Any CPU
		{EE0182AC-6384-49E1-8030-AA9EADC1B1B5}.Debug|Any CPU.Build.0 = Debug|Any CPU
		{EE0182AC-6384-49E1-8030-AA9EADC1B1B5}.Release|Any CPU.ActiveCfg = Release|Any CPU
		{EE0182AC-6384-49E1-8030-AA9EADC1B1B5}.Release|Any CPU.Build.0 = Release|Any CPU
		{634BA11E-E172-4471-9D5E-7DEB7CB7286E}.Debug|Any CPU.ActiveCfg = Debug|Any CPU
		{634BA11E-E172-4471-9D5E-7DEB7CB7286E}.Debug|Any CPU.Build.0 = Debug|Any CPU
		{634BA11E-E172-4471-9D5E-7DEB7CB7286E}.Release|Any CPU.ActiveCfg = Release|Any CPU
		{634BA11E-E172-4471-9D5E-7DEB7CB7286E}.Release|Any CPU.Build.0 = Release|Any CPU
		{92B12759-95A1-461B-B56E-783885EB0DD2}.Debug|Any CPU.ActiveCfg = Debug|Any CPU
		{92B12759-95A1-461B-B56E-783885EB0DD2}.Debug|Any CPU.Build.0 = Debug|Any CPU
		{92B12759-95A1-461B-B56E-783885EB0DD2}.Release|Any CPU.ActiveCfg = Release|Any CPU
		{92B12759-95A1-461B-B56E-783885EB0DD2}.Release|Any CPU.Build.0 = Release|Any CPU
	EndGlobalSection
	GlobalSection(SolutionProperties) = preSolution
		HideSolutionNode = FALSE
	EndGlobalSection
EndGlobal
